
Microsoft Visual Studio Solution File, Format Version 12.00
# Visual Studio Version 16
VisualStudioVersion = 16.0.30114.105
MinimumVisualStudioVersion = 10.0.40219.1
Project("{2150E333-8FDC-42A3-9474-1A3956D46DE8}") = "src", "src", "{4F9D4582-C88D-45A4-BA9A-779C8E14454D}"
EndProject
Project("{FAE04EC0-301F-11D3-BF4B-00C04F79EFBC}") = "SmokeTest", "src\SmokeTest\SmokeTest.csproj", "{AE9C093E-90EB-4253-BDE4-804B630B82F3}"
EndProject
Project("{FAE04EC0-301F-11D3-BF4B-00C04F79EFBC}") = "PrimeTime", "src\PrimeTime\PrimeTime.csproj", "{9FB074C1-CBC2-4917-B9D1-7288CEE6EB70}"
EndProject
Project("{FAE04EC0-301F-11D3-BF4B-00C04F79EFBC}") = "Common.Library", "src\Common.Library\Common.Library.csproj", "{A3850ADE-6BE6-4B38-9BD0-1C0C78973AF4}"
EndProject
Global
	GlobalSection(SolutionConfigurationPlatforms) = preSolution
		Debug|Any CPU = Debug|Any CPU
		Release|Any CPU = Release|Any CPU
	EndGlobalSection
	GlobalSection(SolutionProperties) = preSolution
		HideSolutionNode = FALSE
	EndGlobalSection
	GlobalSection(ProjectConfigurationPlatforms) = postSolution
		{AE9C093E-90EB-4253-BDE4-804B630B82F3}.Debug|Any CPU.ActiveCfg = Debug|Any CPU
		{AE9C093E-90EB-4253-BDE4-804B630B82F3}.Debug|Any CPU.Build.0 = Debug|Any CPU
		{AE9C093E-90EB-4253-BDE4-804B630B82F3}.Release|Any CPU.ActiveCfg = Release|Any CPU
		{AE9C093E-90EB-4253-BDE4-804B630B82F3}.Release|Any CPU.Build.0 = Release|Any CPU
		{9FB074C1-CBC2-4917-B9D1-7288CEE6EB70}.Debug|Any CPU.ActiveCfg = Debug|Any CPU
		{9FB074C1-CBC2-4917-B9D1-7288CEE6EB70}.Debug|Any CPU.Build.0 = Debug|Any CPU
		{9FB074C1-CBC2-4917-B9D1-7288CEE6EB70}.Release|Any CPU.ActiveCfg = Release|Any CPU
		{9FB074C1-CBC2-4917-B9D1-7288CEE6EB70}.Release|Any CPU.Build.0 = Release|Any CPU
		{A3850ADE-6BE6-4B38-9BD0-1C0C78973AF4}.Debug|Any CPU.ActiveCfg = Debug|Any CPU
		{A3850ADE-6BE6-4B38-9BD0-1C0C78973AF4}.Debug|Any CPU.Build.0 = Debug|Any CPU
		{A3850ADE-6BE6-4B38-9BD0-1C0C78973AF4}.Release|Any CPU.ActiveCfg = Release|Any CPU
		{A3850ADE-6BE6-4B38-9BD0-1C0C78973AF4}.Release|Any CPU.Build.0 = Release|Any CPU
	EndGlobalSection
	GlobalSection(NestedProjects) = preSolution
		{AE9C093E-90EB-4253-BDE4-804B630B82F3} = {4F9D4582-C88D-45A4-BA9A-779C8E14454D}
		{9FB074C1-CBC2-4917-B9D1-7288CEE6EB70} = {4F9D4582-C88D-45A4-BA9A-779C8E14454D}
		{A3850ADE-6BE6-4B38-9BD0-1C0C78973AF4} = {4F9D4582-C88D-45A4-BA9A-779C8E14454D}
	EndGlobalSection
EndGlobal
